github.com/Harshmaury/Accord v0.1.4 h1:+iCKjJkDqp2gZ2s7rldLkgVY3wlf/Ui+MLEcuZMDWuE=
github.com/Harshmaury/Accord v0.1.4/go.mod h1:HfmELXykJvkZTOuQjiK03f4NUN0i0CBIHk/67flr+yc=
github.com/Harshmaury/Canon v0.4.0 h1:R2XbPTzdPIXMsqMwFwhEZfZsS8foG52iEESKToM84VY=
github.com/Harshmaury/Canon v0.4.0/go.mod h1:yGNa8zeXP3JP7uFJusFJeyeNY+w0PnnIJAu2wLuawfE=
